
Microsoft Visual Studio Solution File, Format Version 12.00
# Visual Studio Version 16
VisualStudioVersion = 16.0.30611.23
MinimumVisualStudioVersion = 10.0.40219.1
Project("{9A19103F-16F7-4668-BE54-9A1E7A4F7556}") = "OrganiZaUI", "OrganiZaUI\OrganiZaUI.csproj", "{D5386698-D8AB-4840-B356-91CDB8C32117}"
EndProject
Project("{9A19103F-16F7-4668-BE54-9A1E7A4F7556}") = "OrganiZa.Models", "OrganiZa.Models\OrganiZa.Models.csproj", "{D104F3DA-B481-4160-B797-0FD19567ABF5}"
EndProject
Project("{9A19103F-16F7-4668-BE54-9A1E7A4F7556}") = "OrganiZa.Services", "OrganiZa.Services\OrganiZa.Services.csproj", "{4BF02688-9AA2-409A-9E7B-48BA7A759B68}"
EndProject
Global
	GlobalSection(SolutionConfigurationPlatforms) = preSolution
		Debug|Any CPU = Debug|Any CPU
		Release|Any CPU = Release|Any CPU
	EndGlobalSection
	GlobalSection(ProjectConfigurationPlatforms) = postSolution
		{D5386698-D8AB-4840-B356-91CDB8C32117}.Debug|Any CPU.ActiveCfg = Debug|Any CPU
		{D5386698-D8AB-4840-B356-91CDB8C32117}.Debug|Any CPU.Build.0 = Debug|Any CPU
		{D5386698-D8AB-4840-B356-91CDB8C32117}.Release|Any CPU.ActiveCfg = Release|Any CPU
		{D5386698-D8AB-4840-B356-91CDB8C32117}.Release|Any CPU.Build.0 = Release|Any CPU
		{D104F3DA-B481-4160-B797-0FD19567ABF5}.Debug|Any CPU.ActiveCfg = Debug|Any CPU
		{D104F3DA-B481-4160-B797-0FD19567ABF5}.Debug|Any CPU.Build.0 = Debug|Any CPU
		{D104F3DA-B481-4160-B797-0FD19567ABF5}.Release|Any CPU.ActiveCfg = Release|Any CPU
		{D104F3DA-B481-4160-B797-0FD19567ABF5}.Release|Any CPU.Build.0 = Release|Any CPU
		{4BF02688-9AA2-409A-9E7B-48BA7A759B68}.Debug|Any CPU.ActiveCfg = Debug|Any CPU
		{4BF02688-9AA2-409A-9E7B-48BA7A759B68}.Debug|Any CPU.Build.0 = Debug|Any CPU
		{4BF02688-9AA2-409A-9E7B-48BA7A759B68}.Release|Any CPU.ActiveCfg = Release|Any CPU
		{4BF02688-9AA2-409A-9E7B-48BA7A759B68}.Release|Any CPU.Build.0 = Release|Any CPU
	EndGlobalSection
	GlobalSection(SolutionProperties) = preSolution
		HideSolutionNode = FALSE
	EndGlobalSection
	GlobalSection(ExtensibilityGlobals) = postSolution
		SolutionGuid = {0D3AF222-843B-4CA6-8DA7-5AEB4FB140A8}
	EndGlobalSection
EndGlobal
